<?xml version="1.0" encoding="utf-8"?>
<Project ToolsVersion="4.0" xmlns="http://schemas.microsoft.com/developer/msbuild/2003">
  <ItemGroup>
    <ClCompile Include="user\main.cpp">
      <Filter>user</Filter>
    </ClCompile>
    <ClCompile Include="framework\dllmain.cpp">
      <Filter>framework</Filter>
    </ClCompile>
    <ClCompile Include="framework\helpers.cpp">
      <Filter>framework</Filter>
    </ClCompile>
    <ClCompile Include="framework\il2cpp-init.cpp">
      <Filter>framework</Filter>
    </ClCompile>
    <ClCompile Include="framework\pch-il2cpp.cpp">
      <Filter>framework</Filter>
    </ClCompile>
    <ClCompile Include="user\hooking\hook.cpp" />
    <ClCompile Include="user\hooking\directx\directx.cpp" />
    <ClCompile Include="user\includes\detours\detours.cpp" />
    <ClCompile Include="user\includes\detours\disasm.cpp" />
    <ClCompile Include="user\includes\detours\modules.cpp" />
    <ClCompile Include="user\includes\imgui\imgui.cpp" />
    <ClCompile Include="user\includes\imgui\imgui_demo.cpp" />
    <ClCompile Include="user\includes\imgui\imgui_draw.cpp" />
    <ClCompile Include="user\includes\imgui\imgui_impl_dx11.cpp" />
    <ClCompile Include="user\includes\imgui\imgui_impl_win32.cpp" />
    <ClCompile Include="user\includes\imgui\imgui_tables.cpp" />
    <ClCompile Include="user\includes\imgui\imgui_widgets.cpp" />
    <ClCompile Include="user\includes\kiero\kiero.cpp" />
  </ItemGroup>
  <ItemGroup>
    <ClInclude Include="user\main.h">
      <Filter>user</Filter>
    </ClInclude>
    <ClInclude Include="appdata\il2cpp-api-functions.h">
      <Filter>appdata</Filter>
    </ClInclude>
    <ClInclude Include="appdata\il2cpp-api-functions-ptr.h">
      <Filter>appdata</Filter>
    </ClInclude>
    <ClInclude Include="appdata\il2cpp-functions.h">
      <Filter>appdata</Filter>
    </ClInclude>
    <ClInclude Include="appdata\il2cpp-metadata-version.h">
      <Filter>appdata</Filter>
    </ClInclude>
    <ClInclude Include="appdata\il2cpp-types.h">
      <Filter>appdata</Filter>
    </ClInclude>
    <ClInclude Include="appdata\il2cpp-types-ptr.h">
      <Filter>appdata</Filter>
    </ClInclude>
    <ClInclude Include="framework\helpers.h">
      <Filter>framework</Filter>
    </ClInclude>
    <ClInclude Include="framework\il2cpp-appdata.h">
      <Filter>framework</Filter>
    </ClInclude>
    <ClInclude Include="framework\il2cpp-init.h">
      <Filter>framework</Filter>
    </ClInclude>
    <ClInclude Include="framework\pch-il2cpp.h">
      <Filter>framework</Filter>
    </ClInclude>
    <ClInclude Include="user\hooking\hook.h" />
    <ClInclude Include="user\hooking\directx\directx.h" />
    <ClInclude Include="user\includes\detours\detours.h" />
    <ClInclude Include="user\includes\imgui\imstb_truetype.h" />
    <ClInclude Include="user\includes\imgui\imconfig.h" />
    <ClInclude Include="user\includes\imgui\imgui.h" />
    <ClInclude Include="user\includes\imgui\imgui_impl_dx11.h" />
    <ClInclude Include="user\includes\imgui\imgui_impl_win32.h" />
    <ClInclude Include="user\includes\imgui\imgui_internal.h" />
    <ClInclude Include="user\includes\imgui\imstb_rectpack.h" />
    <ClInclude Include="user\includes\imgui\imstb_textedit.h" />
    <ClInclude Include="user\includes\minhook\include\MinHook.h" />
    <ClInclude Include="user\includes\kiero\kiero.h" />
    <ClInclude Include="user\hooking\sig_scan.h" />
  </ItemGroup>
  <ItemGroup>
    <Filter Include="appdata">
      <UniqueIdentifier>{e1d8abb5-4c13-4eb7-a9e5-9d3d1ef09948}</UniqueIdentifier>
    </Filter>
    <Filter Include="framework">
      <UniqueIdentifier>{5c24c8bf-50e0-4e35-9f97-ebdc54154b21}</UniqueIdentifier>
    </Filter>
    <Filter Include="user">
      <UniqueIdentifier>{b076101a-b8ca-4fda-ab58-6bd1a9081561}</UniqueIdentifier>
    </Filter>
  </ItemGroup>
</Project>